
Microsoft Visual Studio Solution File, Format Version 12.00
# Visual Studio Version 17
VisualStudioVersion = 17.1.32328.378
MinimumVisualStudioVersion = 10.0.40219.1
Project("{FAE04EC0-301F-11D3-BF4B-00C04F79EFBC}") = "BinanceBot", "ConsoleApp4\BinanceBot.csproj", "{F363BFEC-3E71-4775-80C5-2EDDC6F6F0EC}"
EndProject
Global
	GlobalSection(SolutionConfigurationPlatforms) = preSolution
		Debug|Any CPU = Debug|Any CPU
		Release|Any CPU = Release|Any CPU
	EndGlobalSection
	GlobalSection(ProjectConfigurationPlatforms) = postSolution
		{F363BFEC-3E71-4775-80C5-2EDDC6F6F0EC}.Debug|Any CPU.ActiveCfg = Debug|Any CPU
		{F363BFEC-3E71-4775-80C5-2EDDC6F6F0EC}.Debug|Any CPU.Build.0 = Debug|Any CPU
		{F363BFEC-3E71-4775-80C5-2EDDC6F6F0EC}.Release|Any CPU.ActiveCfg = Release|Any CPU
		{F363BFEC-3E71-4775-80C5-2EDDC6F6F0EC}.Release|Any CPU.Build.0 = Release|Any CPU
	EndGlobalSection
	GlobalSection(SolutionProperties) = preSolution
		HideSolutionNode = FALSE
	EndGlobalSection
	GlobalSection(ExtensibilityGlobals) = postSolution
		SolutionGuid = {21B8B2B3-A2BE-4527-B3E9-2B0B09336D6F}
	EndGlobalSection
EndGlobal
